PODS:
  - GoogleMaps (3.7.0):
    - GoogleMaps/Maps (= 3.7.0)
  - GoogleMaps/Base (3.7.0)
  - GoogleMaps/Maps (3.7.0):
    - GoogleMaps/Base

DEPENDENCIES:
  - GoogleMaps (~> 3.7.0)

SPEC REPOS:
  trunk:
    - GoogleMaps

SPEC CHECKSUMS:
  GoogleMaps: 55da829c68aa931f3ae982b9e341cc2f3d89c587

PODFILE CHECKSUM: df6556ba6bcb795739c9b32934e18b9ae51de502

COCOAPODS: 1.11.2
